NeoBundleLock Cmd2.vim e4178bb777f9145026ed39b30b198585f2c7b840
NeoBundleLock LearnVim fa0bb426ce88b45a14dd9dc5c26a85bbb93f97d8
NeoBundleLock NrrwRgn ad607360eb68254d389f1fdfef704dbe155407cc
NeoBundleLock Tortoise-Typing c54d20c57d1f83fb45b803c9823195c610ae5645
NeoBundleLock dash.vim 8dc25d544d567a86e00a97df1afe92caad3dfbfb
NeoBundleLock emmet-vim 3d6862d5d10c68ccfc19ae1cc5121473511b69c5
NeoBundleLock ghcmod-vim d5c6c7f3c85608b5b76dc3e7e001f60b86c32cb9
NeoBundleLock gnupg.vim d4b998a9d7e3312ca4134f3daa371c9d8400f6e5
NeoBundleLock neco-ghc 43d8ef49cdc45f601276c90dccee9aa62b8ea3c1
NeoBundleLock neobundle.vim 0c31437b58831efa20a9623e78be25a90df8c8c8
NeoBundleLock neocomplete.vim 1370262189a4a70a91b09a528df9b734135cd7e6
NeoBundleLock nerdtree 3b98a7fcae8f9fff356907171f0406ff8cd28921
NeoBundleLock syntastic 5214f00a17a389ee2c285610f5b367341a77ce21
NeoBundleLock tmuxline.vim 1e638ef6b2673130db123f25b1ae1160c5289bb8
NeoBundleLock unite-tag c01dd03c4345934af3d4d74e3feca0614fd3003f
NeoBundleLock unite.vim 2126a2203ed1678c4904fa8dc06622b46c3503eb
NeoBundleLock vim-airline e2a120869ba36da5d26df74fb23ef4052d55b6f0
NeoBundleLock vim-diff-enhanced 389e02e100ffedf7474ce8924512fac37f846a4d
NeoBundleLock vim-easymotion 8acdfc60e58bb0600ded42a4f752bec6e3b6d882
NeoBundleLock vim-easytags f711ff64133e2d20145352a5020ea1b9c019828e
NeoBundleLock vim-misc 038faedc0767141dd4469978bc6575807fa3eb31
NeoBundleLock vim-monokai 3103dcb2470d26a78512aacf2062bdba50e5dc3a
NeoBundleLock vim-multiple-cursors a95edcdffd98c5961f067796fbc2a1a82e0f6a83
NeoBundleLock vim-pandoc 188d6fbc053512eaba1a63845049c8226a89f239
NeoBundleLock vim-pandoc-after 3253bfea1053ea59329f2f1d72398a1ced759344
NeoBundleLock vim-pandoc-syntax c015764e7abab7287e27f271bfc03dcb3b69bc44
NeoBundleLock vim-rsi dfc5288097b83d1eb3173d8be348a11f3d467d8e
NeoBundleLock vim-syntax-shakespeare 13eaf3588e5a5f17dbd86848337de8e7ed735cca
NeoBundleLock vim-tmux-navigator 85b8e5f60c1690cde57dbb66467ce39cd1b63343
NeoBundleLock vim-unite-giti 2159729405db75c8c0902e7b93623dc75a8b765b
NeoBundleLock vim2hs f2afd55704bfe0a2d66e6b270d247e9b8a7b1664
NeoBundleLock vimple a50525f7d3f386eb9a3e93a23cd1d288818d57a1
NeoBundleLock vimproc.vim 0f68bcd93399ecbcde3eaa4efd09107314c9bdee
